
Microsoft Visual Studio Solution File, Format Version 12.00
# Visual Studio 14
VisualStudioVersion = 14.0.25123.0
MinimumVisualStudioVersion = 10.0.40219.1
Project("{FAE04EC0-301F-11D3-BF4B-00C04F79EFBC}") = "ControllersAndActions", "ControllersAndActions\ControllersAndActions.csproj", "{891DB957-49A1-47FC-9671-FDEDF6064991}"
EndProject
Project("{FAE04EC0-301F-11D3-BF4B-00C04F79EFBC}") = "ControllersAndActions.Tests", "ControllersAndActions.Tests\ControllersAndActions.Tests.csproj", "{6526B0D2-94B9-4A6E-BFCE-13890493E0E2}"
EndProject
Global
	GlobalSection(SolutionConfigurationPlatforms) = preSolution
		Debug|Any CPU = Debug|Any CPU
		Release|Any CPU = Release|Any CPU
	EndGlobalSection
	GlobalSection(ProjectConfigurationPlatforms) = postSolution
		{891DB957-49A1-47FC-9671-FDEDF6064991}.Debug|Any CPU.ActiveCfg = Debug|Any CPU
		{891DB957-49A1-47FC-9671-FDEDF6064991}.Debug|Any CPU.Build.0 = Debug|Any CPU
		{891DB957-49A1-47FC-9671-FDEDF6064991}.Release|Any CPU.ActiveCfg = Release|Any CPU
		{891DB957-49A1-47FC-9671-FDEDF6064991}.Release|Any CPU.Build.0 = Release|Any CPU
		{6526B0D2-94B9-4A6E-BFCE-13890493E0E2}.Debug|Any CPU.ActiveCfg = Debug|Any CPU
		{6526B0D2-94B9-4A6E-BFCE-13890493E0E2}.Debug|Any CPU.Build.0 = Debug|Any CPU
		{6526B0D2-94B9-4A6E-BFCE-13890493E0E2}.Release|Any CPU.ActiveCfg = Release|Any CPU
		{6526B0D2-94B9-4A6E-BFCE-13890493E0E2}.Release|Any CPU.Build.0 = Release|Any CPU
	EndGlobalSection
	GlobalSection(SolutionProperties) = preSolution
		HideSolutionNode = FALSE
	EndGlobalSection
EndGlobal
